<?xml version="1.0" encoding="utf-8"?>
<Project ToolsVersion="4.0" xmlns="http://schemas.microsoft.com/developer/msbuild/2003">
  <ItemGroup>
    <Filter Include="Source Files">
      <UniqueIdentifier>{4FC737F1-C7A5-4376-A066-2A32D752A2FF}</UniqueIdentifier>
      <Extensions>cpp;c;cc;cxx;def;odl;idl;hpj;bat;asm;asmx</Extensions>
    </Filter>
    <Filter Include="Header Files">
      <UniqueIdentifier>{93995380-89BD-4b04-88EB-625FBE52EBFB}</UniqueIdentifier>
      <Extensions>h;hh;hpp;hxx;hm;inl;inc;ipp;xsd</Extensions>
    </Filter>
    <Filter Include="Resource Files">
      <UniqueIdentifier>{67DA6AB6-F800-4c08-8B7A-83BB121AAD01}</UniqueIdentifier>
      <Extensions>rc;ico;cur;bmp;dlg;rc2;rct;bin;rgs;gif;jpg;jpeg;jpe;resx;tiff;tif;png;wav;mfcribbon-ms</Extensions>
    </Filter>
    <Filter Include="Generated Files">
      <UniqueIdentifier>{4dafac51-007f-49bb-a440-bc4aa19f1625}</UniqueIdentifier>
    </Filter>
    <Filter Include="Resource Files\qml">
      <UniqueIdentifier>{e3641697-0eab-46e3-a577-ae80b3448a19}</UniqueIdentifier>
    </Filter>
    <Filter Include="Resource Files\resources">
      <UniqueIdentifier>{3ecce326-ff74-4f32-848f-ec6195dfa84f}</UniqueIdentifier>
    </Filter>
    <Filter Include="Resource Files\resources\providers">
      <UniqueIdentifier>{097fb11f-1028-4dc3-9d06-af9cdeacf28a}</UniqueIdentifier>
    </Filter>
    <Filter Include="Resource Files\resources\icons">
      <UniqueIdentifier>{0c88b7be-05dd-44b4-b3e3-af5f666fad30}</UniqueIdentifier>
    </Filter>
    <Filter Include="Resource Files\resources\icons\material">
      <UniqueIdentifier>{2155af1d-522a-442c-95ec-338afcbc22ef}</UniqueIdentifier>
    </Filter>
    <Filter Include="Resource Files\resources\icons\material\hdpi">
      <UniqueIdentifier>{f5e98a6b-403c-488d-b7a2-f9621a529ba6}</UniqueIdentifier>
    </Filter>
    <Filter Include="Source Files\Request">
      <UniqueIdentifier>{41111fbd-a63a-4669-b2c3-c66e2d266456}</UniqueIdentifier>
    </Filter>
    <Filter Include="Header Files\Request">
      <UniqueIdentifier>{5764ff97-9827-4460-995b-5ccefcf269aa}</UniqueIdentifier>
    </Filter>
  </ItemGroup>
  <ItemGroup>
    <ClCompile Include="..\..\bin\cloudbrowser\src\AndroidUtility.cpp">
      <Filter>Source Files</Filter>
    </ClCompile>
    <ClCompile Include="..\..\bin\cloudbrowser\src\CloudContext.cpp">
      <Filter>Source Files</Filter>
    </ClCompile>
    <ClCompile Include="..\..\bin\cloudbrowser\src\CloudItem.cpp">
      <Filter>Source Files</Filter>
    </ClCompile>
    <ClCompile Include="..\..\bin\cloudbrowser\src\DesktopUtility.cpp">
      <Filter>Source Files</Filter>
    </ClCompile>
    <ClCompile Include="..\..\bin\cloudbrowser\src\Exec.cpp">
      <Filter>Source Files</Filter>
    </ClCompile>
    <ClCompile Include="..\..\bin\cloudbrowser\src\File.cpp">
      <Filter>Source Files</Filter>
    </ClCompile>
    <ClCompile Include="..\..\bin\cloudbrowser\src\FileDialog.cpp">
      <Filter>Source Files</Filter>
    </ClCompile>
    <ClCompile Include="..\..\bin\cloudbrowser\src\WinRTUtility.cpp">
      <Filter>Source Files</Filter>
    </ClCompile>
    <ClCompile Include="Generated\moc_UploadItem.cpp">
      <Filter>Generated Files</Filter>
    </ClCompile>
    <ClCompile Include="Generated\moc_CloudContext.cpp">
      <Filter>Generated Files</Filter>
    </ClCompile>
    <ClCompile Include="Generated\moc_CloudItem.cpp">
      <Filter>Generated Files</Filter>
    </ClCompile>
    <ClCompile Include="Generated\moc_CloudRequest.cpp">
      <Filter>Generated Files</Filter>
    </ClCompile>
    <ClCompile Include="Generated\moc_CopyItem.cpp">
      <Filter>Generated Files</Filter>
    </ClCompile>
    <ClCompile Include="Generated\moc_CreateDirectory.cpp">
      <Filter>Generated Files</Filter>
    </ClCompile>
    <ClCompile Include="Generated\moc_DeleteItem.cpp">
      <Filter>Generated Files</Filter>
    </ClCompile>
    <ClCompile Include="Generated\moc_DownloadItem.cpp">
      <Filter>Generated Files</Filter>
    </ClCompile>
    <ClCompile Include="Generated\moc_FileDialog.cpp">
      <Filter>Generated Files</Filter>
    </ClCompile>
    <ClCompile Include="Generated\moc_GetThumbnail.cpp">
      <Filter>Generated Files</Filter>
    </ClCompile>
    <ClCompile Include="Generated\moc_GetUrl.cpp">
      <Filter>Generated Files</Filter>
    </ClCompile>
    <ClCompile Include="Generated\moc_IPlatformUtility.cpp">
      <Filter>Generated Files</Filter>
    </ClCompile>
    <ClCompile Include="Generated\moc_ListDirectory.cpp">
      <Filter>Generated Files</Filter>
    </ClCompile>
    <ClCompile Include="Generated\moc_MoveItem.cpp">
      <Filter>Generated Files</Filter>
    </ClCompile>
    <ClCompile Include="Generated\moc_RenameItem.cpp">
      <Filter>Generated Files</Filter>
    </ClCompile>
    <ClCompile Include="Generated\qrc_resources.cpp">
      <Filter>Generated Files</Filter>
    </ClCompile>
    <ClCompile Include="..\..\bin\cloudbrowser\src\MpvPlayer.cpp">
      <Filter>Source Files</Filter>
    </ClCompile>
    <ClCompile Include="Generated\moc_MpvPlayer.cpp">
      <Filter>Generated Files</Filter>
    </ClCompile>
    <ClCompile Include="..\..\bin\cloudbrowser\src\Request\GetUrl.cpp">
      <Filter>Source Files\Request</Filter>
    </ClCompile>
    <ClCompile Include="..\..\bin\cloudbrowser\src\Request\CloudRequest.cpp">
      <Filter>Source Files\Request</Filter>
    </ClCompile>
    <ClCompile Include="..\..\bin\cloudbrowser\src\Request\CopyItem.cpp">
      <Filter>Source Files\Request</Filter>
    </ClCompile>
    <ClCompile Include="..\..\bin\cloudbrowser\src\Request\DownloadItem.cpp">
      <Filter>Source Files\Request</Filter>
    </ClCompile>
    <ClCompile Include="..\..\bin\cloudbrowser\src\Request\GetThumbnail.cpp">
      <Filter>Source Files\Request</Filter>
    </ClCompile>
    <ClCompile Include="..\..\bin\cloudbrowser\src\Request\RenameItem.cpp">
      <Filter>Source Files\Request</Filter>
    </ClCompile>
    <ClCompile Include="..\..\bin\cloudbrowser\src\Request\UploadItem.cpp">
      <Filter>Source Files\Request</Filter>
    </ClCompile>
    <ClCompile Include="..\..\bin\cloudbrowser\src\Request\ListDirectory.cpp">
      <Filter>Source Files\Request</Filter>
    </ClCompile>
    <ClCompile Include="..\..\bin\cloudbrowser\src\Request\MoveItem.cpp">
      <Filter>Source Files\Request</Filter>
    </ClCompile>
    <ClCompile Include="..\..\bin\cloudbrowser\src\Request\DeleteItem.cpp">
      <Filter>Source Files\Request</Filter>
    </ClCompile>
    <ClCompile Include="..\..\bin\cloudbrowser\src\Request\CreateDirectory.cpp">
      <Filter>Source Files\Request</Filter>
    </ClCompile>
    <ClCompile Include="..\..\src\Utility\HttpServer.cpp">
      <Filter>Source Files</Filter>
    </ClCompile>
    <ClCompile Include="..\..\src\Utility\GenerateThumbnail.cpp">
      <Filter>Source Files</Filter>
    </ClCompile>
  </ItemGroup>
  <ItemGroup>
    <ClInclude Include="..\..\bin\cloudbrowser\src\AndroidUtility.h">
      <Filter>Header Files</Filter>
    </ClInclude>
    <ClInclude Include="..\..\bin\cloudbrowser\src\DesktopUtility.h">
      <Filter>Header Files</Filter>
    </ClInclude>
    <ClInclude Include="..\..\bin\cloudbrowser\src\Exec.h">
      <Filter>Header Files</Filter>
    </ClInclude>
    <ClInclude Include="..\..\bin\cloudbrowser\src\File.h">
      <Filter>Header Files</Filter>
    </ClInclude>
    <ClInclude Include="..\..\bin\cloudbrowser\src\WinRTUtility.h">
      <Filter>Header Files</Filter>
    </ClInclude>
  </ItemGroup>
  <ItemGroup>
    <CustomBuild Include="..\..\bin\cloudbrowser\src\CloudContext.h">
      <Filter>Header Files</Filter>
    </CustomBuild>
    <CustomBuild Include="..\..\bin\cloudbrowser\src\CloudItem.h">
      <Filter>Header Files</Filter>
    </CustomBuild>
    <CustomBuild Include="..\..\bin\cloudbrowser\src\IPlatformUtility.h">
      <Filter>Header Files</Filter>
    </CustomBuild>
    <CustomBuild Include="..\..\bin\cloudbrowser\src\FileDialog.h">
      <Filter>Header Files</Filter>
    </CustomBuild>
    <CustomBuild Include="..\..\bin\cloudbrowser\src\MpvPlayer.h">
      <Filter>Header Files</Filter>
    </CustomBuild>
    <CustomBuild Include="..\..\bin\cloudbrowser\resources.qrc">
      <Filter>Resource Files</Filter>
    </CustomBuild>
    <CustomBuild Include="..\..\bin\cloudbrowser\src\Request\CloudRequest.h">
      <Filter>Header Files\Request</Filter>
    </CustomBuild>
    <CustomBuild Include="..\..\bin\cloudbrowser\src\Request\CopyItem.h">
      <Filter>Header Files\Request</Filter>
    </CustomBuild>
    <CustomBuild Include="..\..\bin\cloudbrowser\src\Request\CreateDirectory.h">
      <Filter>Header Files\Request</Filter>
    </CustomBuild>
    <CustomBuild Include="..\..\bin\cloudbrowser\src\Request\DeleteItem.h">
      <Filter>Header Files\Request</Filter>
    </CustomBuild>
    <CustomBuild Include="..\..\bin\cloudbrowser\src\Request\DownloadItem.h">
      <Filter>Header Files\Request</Filter>
    </CustomBuild>
    <CustomBuild Include="..\..\bin\cloudbrowser\src\Request\ListDirectory.h">
      <Filter>Header Files\Request</Filter>
    </CustomBuild>
    <CustomBuild Include="..\..\bin\cloudbrowser\src\Request\MoveItem.h">
      <Filter>Header Files\Request</Filter>
    </CustomBuild>
    <CustomBuild Include="..\..\bin\cloudbrowser\src\Request\RenameItem.h">
      <Filter>Header Files\Request</Filter>
    </CustomBuild>
    <CustomBuild Include="..\..\bin\cloudbrowser\src\Request\UploadItem.h">
      <Filter>Header Files\Request</Filter>
    </CustomBuild>
    <CustomBuild Include="..\..\bin\cloudbrowser\src\Request\GetThumbnail.h">
      <Filter>Header Files\Request</Filter>
    </CustomBuild>
    <CustomBuild Include="..\..\bin\cloudbrowser\src\Request\GetUrl.h">
      <Filter>Header Files\Request</Filter>
    </CustomBuild>
  </ItemGroup>
  <ItemGroup>
    <Image Include="..\..\bin\cloudbrowser\resources\providers\4shared.png">
      <Filter>Resource Files\resources\providers</Filter>
    </Image>
    <Image Include="..\..\bin\cloudbrowser\resources\providers\amazons3.png">
      <Filter>Resource Files\resources\providers</Filter>
    </Image>
    <Image Include="..\..\bin\cloudbrowser\resources\providers\animezone.png">
      <Filter>Resource Files\resources\providers</Filter>
    </Image>
    <Image Include="..\..\bin\cloudbrowser\resources\providers\box.png">
      <Filter>Resource Files\resources\providers</Filter>
    </Image>
    <Image Include="..\..\bin\cloudbrowser\resources\providers\dropbox.png">
      <Filter>Resource Files\resources\providers</Filter>
    </Image>
    <Image Include="..\..\bin\cloudbrowser\resources\providers\google.png">
      <Filter>Resource Files\resources\providers</Filter>
    </Image>
    <Image Include="..\..\bin\cloudbrowser\resources\providers\gphotos.png">
      <Filter>Resource Files\resources\providers</Filter>
    </Image>
    <Image Include="..\..\bin\cloudbrowser\resources\providers\hubic.png">
      <Filter>Resource Files\resources\providers</Filter>
    </Image>
    <Image Include="..\..\bin\cloudbrowser\resources\providers\local.png">
      <Filter>Resource Files\resources\providers</Filter>
    </Image>
    <Image Include="..\..\bin\cloudbrowser\resources\providers\localwinrt.png">
      <Filter>Resource Files\resources\providers</Filter>
    </Image>
    <Image Include="..\..\bin\cloudbrowser\resources\providers\mega.png">
      <Filter>Resource Files\resources\providers</Filter>
    </Image>
    <Image Include="..\..\bin\cloudbrowser\resources\providers\onedrive.png">
      <Filter>Resource Files\resources\providers</Filter>
    </Image>
    <Image Include="..\..\bin\cloudbrowser\resources\providers\pcloud.png">
      <Filter>Resource Files\resources\providers</Filter>
    </Image>
    <Image Include="..\..\bin\cloudbrowser\resources\providers\webdav.png">
      <Filter>Resource Files\resources\providers</Filter>
    </Image>
    <Image Include="..\..\bin\cloudbrowser\resources\providers\yandex.png">
      <Filter>Resource Files\resources\providers</Filter>
    </Image>
    <Image Include="..\..\bin\cloudbrowser\resources\cloud.png">
      <Filter>Resource Files\resources</Filter>
    </Image>
    <Image Include="..\..\bin\cloudbrowser\resources\cryptopp.png">
      <Filter>Resource Files\resources</Filter>
    </Image>
    <Image Include="..\..\bin\cloudbrowser\resources\curl.png">
      <Filter>Resource Files\resources</Filter>
    </Image>
    <Image Include="..\..\bin\cloudbrowser\resources\ffmpeg.png">
      <Filter>Resource Files\resources</Filter>
    </Image>
    <Image Include="..\..\bin\cloudbrowser\resources\gnu.png">
      <Filter>Resource Files\resources</Filter>
    </Image>
    <Image Include="..\..\bin\cloudbrowser\resources\jsoncpp.png">
      <Filter>Resource Files\resources</Filter>
    </Image>
    <Image Include="..\..\bin\cloudbrowser\resources\kde.png">
      <Filter>Resource Files\resources</Filter>
    </Image>
    <Image Include="..\..\bin\cloudbrowser\resources\qt.png">
      <Filter>Resource Files\resources</Filter>
    </Image>
    <Image Include="..\..\bin\cloudbrowser\resources\tinyxml2.png">
      <Filter>Resource Files\resources</Filter>
    </Image>
    <Image Include="..\..\bin\cloudbrowser\resources\vlc.png">
      <Filter>Resource Files\resources</Filter>
    </Image>
    <Image Include="..\..\bin\cloudbrowser\resources\vlc-blue.png">
      <Filter>Resource Files\resources</Filter>
    </Image>
    <Image Include="..\..\bin\cloudbrowser\resources\vlc-qt.png">
      <Filter>Resource Files\resources</Filter>
    </Image>
    <Image Include="..\..\bin\cloudbrowser\resources\mpv.png">
      <Filter>Resource Files\resources</Filter>
    </Image>
  </ItemGroup>
  <ItemGroup>
    <None Include="..\..\bin\cloudbrowser\resources\4shared_login.html">
      <Filter>Resource Files\resources</Filter>
    </None>
    <None Include="..\..\bin\cloudbrowser\resources\amazons3_login.html">
      <Filter>Resource Files\resources</Filter>
    </None>
    <None Include="..\..\bin\cloudbrowser\resources\animezone_login.html">
      <Filter>Resource Files\resources</Filter>
    </None>
    <None Include="..\..\bin\cloudbrowser\resources\bootstrap.min.css">
      <Filter>Resource Files\resources</Filter>
    </None>
    <None Include="..\..\bin\cloudbrowser\resources\bootstrap.min.js">
      <Filter>Resource Files\resources</Filter>
    </None>
    <None Include="..\..\bin\cloudbrowser\resources\default_error.html">
      <Filter>Resource Files\resources</Filter>
    </None>
    <None Include="..\..\bin\cloudbrowser\resources\default_success.html">
      <Filter>Resource Files\resources</Filter>
    </None>
    <None Include="..\..\bin\cloudbrowser\resources\jquery.min.js">
      <Filter>Resource Files\resources</Filter>
    </None>
    <None Include="..\..\bin\cloudbrowser\resources\local_login.html">
      <Filter>Resource Files\resources</Filter>
    </None>
    <None Include="..\..\bin\cloudbrowser\resources\localwinrt_login.html">
      <Filter>Resource Files\resources</Filter>
    </None>
    <None Include="..\..\bin\cloudbrowser\resources\mega_login.html">
      <Filter>Resource Files\resources</Filter>
    </None>
    <None Include="..\..\bin\cloudbrowser\resources\style.min.css">
      <Filter>Resource Files\resources</Filter>
    </None>
    <None Include="..\..\bin\cloudbrowser\resources\url.min.js">
      <Filter>Resource Files\resources</Filter>
    </None>
    <None Include="..\..\bin\cloudbrowser\resources\webdav_login.html">
      <Filter>Resource Files\resources</Filter>
    </None>
    <None Include="..\..\bin\cloudbrowser\qml\AboutView.qml">
      <Filter>Resource Files\qml</Filter>
    </None>
    <None Include="..\..\bin\cloudbrowser\qml\AndroidFileDialog.qml">
      <Filter>Resource Files\qml</Filter>
    </None>
    <None Include="..\..\bin\cloudbrowser\qml\FileDialog.qml">
      <Filter>Resource Files\qml</Filter>
    </None>
    <None Include="..\..\bin\cloudbrowser\qml\ImagePlayer.qml">
      <Filter>Resource Files\qml</Filter>
    </None>
    <None Include="..\..\bin\cloudbrowser\qml\ItemPage.qml">
      <Filter>Resource Files\qml</Filter>
    </None>
    <None Include="..\..\bin\cloudbrowser\qml\main.qml">
      <Filter>Resource Files\qml</Filter>
    </None>
    <None Include="..\..\bin\cloudbrowser\qml\MediaPlayer.qml">
      <Filter>Resource Files\qml</Filter>
    </None>
    <None Include="..\..\bin\cloudbrowser\qml\ProviderEntry.qml">
      <Filter>Resource Files\qml</Filter>
    </None>
    <None Include="..\..\bin\cloudbrowser\qml\QtFileDialog.qml">
      <Filter>Resource Files\qml</Filter>
    </None>
    <None Include="..\..\bin\cloudbrowser\qml\QtPlayer.qml">
      <Filter>Resource Files\qml</Filter>
    </None>
    <None Include="..\..\bin\cloudbrowser\qml\RegisterPage.qml">
      <Filter>Resource Files\qml</Filter>
    </None>
    <None Include="..\..\bin\cloudbrowser\qml\RemoveProvider.qml">
      <Filter>Resource Files\qml</Filter>
    </None>
    <None Include="..\..\bin\cloudbrowser\qml\VlcPlayer.qml">
      <Filter>Resource Files\qml</Filter>
    </None>
    <None Include="..\..\bin\cloudbrowser\qml\WebView.qml">
      <Filter>Resource Files\qml</Filter>
    </None>
    <None Include="..\..\bin\cloudbrowser\qml\WinRTFileDialog.qml">
      <Filter>Resource Files\qml</Filter>
    </None>
    <None Include="..\..\bin\cloudbrowser\qml\MpvPlayer.qml">
      <Filter>Resource Files\qml</Filter>
    </None>
    <None Include="..\..\bin\cloudbrowser\resources\icons\material\index.theme">
      <Filter>Resource Files\resources\icons\material</Filter>
    </None>
    <None Include="..\..\bin\cloudbrowser\resources\icons\material\hdpi\applications-graphics.svg">
      <Filter>Resource Files\resources\icons\material\hdpi</Filter>
    </None>
    <None Include="..\..\bin\cloudbrowser\resources\icons\material\hdpi\audio-volume-high.svg">
      <Filter>Resource Files\resources\icons\material\hdpi</Filter>
    </None>
    <None Include="..\..\bin\cloudbrowser\resources\icons\material\hdpi\audio-volume-low.svg">
      <Filter>Resource Files\resources\icons\material\hdpi</Filter>
    </None>
    <None Include="..\..\bin\cloudbrowser\resources\icons\material\hdpi\audio-volume-medium.svg">
      <Filter>Resource Files\resources\icons\material\hdpi</Filter>
    </None>
    <None Include="..\..\bin\cloudbrowser\resources\icons\material\hdpi\audio-volume-muted.svg">
      <Filter>Resource Files\resources\icons\material\hdpi</Filter>
    </None>
    <None Include="..\..\bin\cloudbrowser\resources\icons\material\hdpi\audio-x-generic.svg">
      <Filter>Resource Files\resources\icons\material\hdpi</Filter>
    </None>
    <None Include="..\..\bin\cloudbrowser\resources\icons\material\hdpi\bookmarks.svg">
      <Filter>Resource Files\resources\icons\material\hdpi</Filter>
    </None>
    <None Include="..\..\bin\cloudbrowser\resources\icons\material\hdpi\configure.svg">
      <Filter>Resource Files\resources\icons\material\hdpi</Filter>
    </None>
    <None Include="..\..\bin\cloudbrowser\resources\icons\material\hdpi\dialog-apply.svg">
      <Filter>Resource Files\resources\icons\material\hdpi</Filter>
    </None>
    <None Include="..\..\bin\cloudbrowser\resources\icons\material\hdpi\dialog-cancel.svg">
      <Filter>Resource Files\resources\icons\material\hdpi</Filter>
    </None>
    <None Include="..\..\bin\cloudbrowser\resources\icons\material\hdpi\dialog-close.svg">
      <Filter>Resource Files\resources\icons\material\hdpi</Filter>
    </None>
    <None Include="..\..\bin\cloudbrowser\resources\icons\material\hdpi\document-decrypt.svg">
      <Filter>Resource Files\resources\icons\material\hdpi</Filter>
    </None>
    <None Include="..\..\bin\cloudbrowser\resources\icons\material\hdpi\document-edit.svg">
      <Filter>Resource Files\resources\icons\material\hdpi</Filter>
    </None>
    <None Include="..\..\bin\cloudbrowser\resources\icons\material\hdpi\document-open-remote.svg">
      <Filter>Resource Files\resources\icons\material\hdpi</Filter>
    </None>
    <None Include="..\..\bin\cloudbrowser\resources\icons\material\hdpi\document-save.svg">
      <Filter>Resource Files\resources\icons\material\hdpi</Filter>
    </None>
    <None Include="..\..\bin\cloudbrowser\resources\icons\material\hdpi\edit-add.svg">
      <Filter>Resource Files\resources\icons\material\hdpi</Filter>
    </None>
    <None Include="..\..\bin\cloudbrowser\resources\icons\material\hdpi\edit-cut.svg">
      <Filter>Resource Files\resources\icons\material\hdpi</Filter>
    </None>
    <None Include="..\..\bin\cloudbrowser\resources\icons\material\hdpi\edit-delete.svg">
      <Filter>Resource Files\resources\icons\material\hdpi</Filter>
    </None>
    <None Include="..\..\bin\cloudbrowser\resources\icons\material\hdpi\edit-paste-style.svg">
      <Filter>Resource Files\resources\icons\material\hdpi</Filter>
    </None>
    <None Include="..\..\bin\cloudbrowser\resources\icons\material\hdpi\folder.svg">
      <Filter>Resource Files\resources\icons\material\hdpi</Filter>
    </None>
    <None Include="..\..\bin\cloudbrowser\resources\icons\material\hdpi\folder-move.svg">
      <Filter>Resource Files\resources\icons\material\hdpi</Filter>
    </None>
    <None Include="..\..\bin\cloudbrowser\resources\icons\material\hdpi\folder-new.svg">
      <Filter>Resource Files\resources\icons\material\hdpi</Filter>
    </None>
    <None Include="..\..\bin\cloudbrowser\resources\icons\material\hdpi\folder-sync.svg">
      <Filter>Resource Files\resources\icons\material\hdpi</Filter>
    </None>
    <None Include="..\..\bin\cloudbrowser\resources\icons\material\hdpi\go-down.svg">
      <Filter>Resource Files\resources\icons\material\hdpi</Filter>
    </None>
    <None Include="..\..\bin\cloudbrowser\resources\icons\material\hdpi\go-next.svg">
      <Filter>Resource Files\resources\icons\material\hdpi</Filter>
    </None>
    <None Include="..\..\bin\cloudbrowser\resources\icons\material\hdpi\go-next-symbolic.svg">
      <Filter>Resource Files\resources\icons\material\hdpi</Filter>
    </None>
    <None Include="..\..\bin\cloudbrowser\resources\icons\material\hdpi\go-next-symbolic-rtl.svg">
      <Filter>Resource Files\resources\icons\material\hdpi</Filter>
    </None>
    <None Include="..\..\bin\cloudbrowser\resources\icons\material\hdpi\go-previous.svg">
      <Filter>Resource Files\resources\icons\material\hdpi</Filter>
    </None>
    <None Include="..\..\bin\cloudbrowser\resources\icons\material\hdpi\go-previous-symbolic.svg">
      <Filter>Resource Files\resources\icons\material\hdpi</Filter>
    </None>
    <None Include="..\..\bin\cloudbrowser\resources\icons\material\hdpi\go-previous-symbolic-rtl.svg">
      <Filter>Resource Files\resources\icons\material\hdpi</Filter>
    </None>
    <None Include="..\..\bin\cloudbrowser\resources\icons\material\hdpi\go-up.svg">
      <Filter>Resource Files\resources\icons\material\hdpi</Filter>
    </None>
    <None Include="..\..\bin\cloudbrowser\resources\icons\material\hdpi\gtk-file.svg">
      <Filter>Resource Files\resources\icons\material\hdpi</Filter>
    </None>
    <None Include="..\..\bin\cloudbrowser\resources\icons\material\hdpi\handle-left.svg">
      <Filter>Resource Files\resources\icons\material\hdpi</Filter>
    </None>
    <None Include="..\..\bin\cloudbrowser\resources\icons\material\hdpi\handle-right.svg">
      <Filter>Resource Files\resources\icons\material\hdpi</Filter>
    </None>
    <None Include="..\..\bin\cloudbrowser\resources\icons\material\hdpi\help-about.svg">
      <Filter>Resource Files\resources\icons\material\hdpi</Filter>
    </None>
    <None Include="..\..\bin\cloudbrowser\resources\icons\material\hdpi\image.svg">
      <Filter>Resource Files\resources\icons\material\hdpi</Filter>
    </None>
    <None Include="..\..\bin\cloudbrowser\resources\icons\material\hdpi\list-add.svg">
      <Filter>Resource Files\resources\icons\material\hdpi</Filter>
    </None>
    <None Include="..\..\bin\cloudbrowser\resources\icons\material\hdpi\mail-reply-sender.svg">
      <Filter>Resource Files\resources\icons\material\hdpi</Filter>
    </None>
    <None Include="..\..\bin\cloudbrowser\resources\icons\material\hdpi\media-album-track.svg">
      <Filter>Resource Files\resources\icons\material\hdpi</Filter>
    </None>
    <None Include="..\..\bin\cloudbrowser\resources\icons\material\hdpi\media-playback-pause.svg">
      <Filter>Resource Files\resources\icons\material\hdpi</Filter>
    </None>
    <None Include="..\..\bin\cloudbrowser\resources\icons\material\hdpi\media-playback-start.svg">
      <Filter>Resource Files\resources\icons\material\hdpi</Filter>
    </None>
    <None Include="..\..\bin\cloudbrowser\resources\icons\material\hdpi\media-playlist-shuffle.svg">
      <Filter>Resource Files\resources\icons\material\hdpi</Filter>
    </None>
    <None Include="..\..\bin\cloudbrowser\resources\icons\material\hdpi\media-record-symbolic.svg">
      <Filter>Resource Files\resources\icons\material\hdpi</Filter>
    </None>
    <None Include="..\..\bin\cloudbrowser\resources\icons\material\hdpi\media-skip-forward.svg">
      <Filter>Resource Files\resources\icons\material\hdpi</Filter>
    </None>
    <None Include="..\..\bin\cloudbrowser\resources\icons\material\hdpi\media-view-subtitles-symbolic.svg">
      <Filter>Resource Files\resources\icons\material\hdpi</Filter>
    </None>
    <None Include="..\..\bin\cloudbrowser\resources\icons\material\hdpi\overflow-menu.svg">
      <Filter>Resource Files\resources\icons\material\hdpi</Filter>
    </None>
    <None Include="..\..\bin\cloudbrowser\resources\icons\material\hdpi\package-supported.svg">
      <Filter>Resource Files\resources\icons\material\hdpi</Filter>
    </None>
    <None Include="..\..\bin\cloudbrowser\resources\icons\material\hdpi\player-volume.svg">
      <Filter>Resource Files\resources\icons\material\hdpi</Filter>
    </None>
    <None Include="..\..\bin\cloudbrowser\resources\icons\material\hdpi\settings-configure.svg">
      <Filter>Resource Files\resources\icons\material\hdpi</Filter>
    </None>
    <None Include="..\..\bin\cloudbrowser\resources\icons\material\hdpi\video.svg">
      <Filter>Resource Files\resources\icons\material\hdpi</Filter>
    </None>
    <None Include="..\..\bin\cloudbrowser\resources\icons\material\hdpi\view-fullscreen.svg">
      <Filter>Resource Files\resources\icons\material\hdpi</Filter>
    </None>
    <None Include="..\..\bin\cloudbrowser\resources\icons\material\hdpi\view-list-details.svg">
      <Filter>Resource Files\resources\icons\material\hdpi</Filter>
    </None>
    <None Include="..\..\bin\cloudbrowser\resources\icons\material\hdpi\view-list-icons.svg">
      <Filter>Resource Files\resources\icons\material\hdpi</Filter>
    </None>
    <None Include="..\..\bin\cloudbrowser\resources\icons\material\hdpi\multimedia-player.svg">
      <Filter>Resource Files\resources\icons\material\hdpi</Filter>
    </None>
  </ItemGroup>
</Project>