<?xml version="1.0" encoding="utf-8"?>
<Project ToolsVersion="4.0" xmlns="http://schemas.microsoft.com/developer/msbuild/2003">
  <ItemGroup>
    <Filter Include="Source Files">
      <UniqueIdentifier>{4FC737F1-C7A5-4376-A066-2A32D752A2FF}</UniqueIdentifier>
      <Extensions>cpp;c;cc;cxx;def;odl;idl;hpj;bat;asm;asmx</Extensions>
    </Filter>
    <Filter Include="Header Files">
      <UniqueIdentifier>{93995380-89BD-4b04-88EB-625FBE52EBFB}</UniqueIdentifier>
      <Extensions>h;hh;hpp;hxx;hm;inl;inc;ipp;xsd</Extensions>
    </Filter>
    <Filter Include="Resource Files">
      <UniqueIdentifier>{67DA6AB6-F800-4c08-8B7A-83BB121AAD01}</UniqueIdentifier>
      <Extensions>rc;ico;cur;bmp;dlg;rc2;rct;bin;rgs;gif;jpg;jpeg;jpe;resx;tiff;tif;png;wav;mfcribbon-ms</Extensions>
    </Filter>
    <Filter Include="Generated Files">
      <UniqueIdentifier>{4dafac51-007f-49bb-a440-bc4aa19f1625}</UniqueIdentifier>
    </Filter>
  </ItemGroup>
  <ItemGroup>
    <ClCompile Include="..\bin\cloudbrowser\src\AndroidUtility.cpp">
      <Filter>Source Files</Filter>
    </ClCompile>
    <ClCompile Include="..\bin\cloudbrowser\src\CloudContext.cpp">
      <Filter>Source Files</Filter>
    </ClCompile>
    <ClCompile Include="..\bin\cloudbrowser\src\CloudItem.cpp">
      <Filter>Source Files</Filter>
    </ClCompile>
    <ClCompile Include="..\bin\cloudbrowser\src\DesktopUtility.cpp">
      <Filter>Source Files</Filter>
    </ClCompile>
    <ClCompile Include="..\bin\cloudbrowser\src\Exec.cpp">
      <Filter>Source Files</Filter>
    </ClCompile>
    <ClCompile Include="..\bin\cloudbrowser\src\File.cpp">
      <Filter>Source Files</Filter>
    </ClCompile>
    <ClCompile Include="..\bin\cloudbrowser\src\FileDialog.cpp">
      <Filter>Source Files</Filter>
    </ClCompile>
    <ClCompile Include="..\bin\cloudbrowser\src\GenerateThumbnail.cpp">
      <Filter>Source Files</Filter>
    </ClCompile>
    <ClCompile Include="..\bin\cloudbrowser\src\HttpServer.cpp">
      <Filter>Source Files</Filter>
    </ClCompile>
    <ClCompile Include="..\bin\cloudbrowser\src\WinRTUtility.cpp">
      <Filter>Source Files</Filter>
    </ClCompile>
    <ClCompile Include="..\bin\cloudbrowser\src\Request\CloudRequest.cpp">
      <Filter>Source Files</Filter>
    </ClCompile>
    <ClCompile Include="..\bin\cloudbrowser\src\Request\CopyItem.cpp">
      <Filter>Source Files</Filter>
    </ClCompile>
    <ClCompile Include="..\bin\cloudbrowser\src\Request\CreateDirectory.cpp">
      <Filter>Source Files</Filter>
    </ClCompile>
    <ClCompile Include="..\bin\cloudbrowser\src\Request\DeleteItem.cpp">
      <Filter>Source Files</Filter>
    </ClCompile>
    <ClCompile Include="..\bin\cloudbrowser\src\Request\DownloadItem.cpp">
      <Filter>Source Files</Filter>
    </ClCompile>
    <ClCompile Include="..\bin\cloudbrowser\src\Request\GetThumbnail.cpp">
      <Filter>Source Files</Filter>
    </ClCompile>
    <ClCompile Include="..\bin\cloudbrowser\src\Request\GetUrl.cpp">
      <Filter>Source Files</Filter>
    </ClCompile>
    <ClCompile Include="..\bin\cloudbrowser\src\Request\ListDirectory.cpp">
      <Filter>Source Files</Filter>
    </ClCompile>
    <ClCompile Include="..\bin\cloudbrowser\src\Request\MoveItem.cpp">
      <Filter>Source Files</Filter>
    </ClCompile>
    <ClCompile Include="..\bin\cloudbrowser\src\Request\RenameItem.cpp">
      <Filter>Source Files</Filter>
    </ClCompile>
    <ClCompile Include="..\bin\cloudbrowser\src\Request\UploadItem.cpp">
      <Filter>Source Files</Filter>
    </ClCompile>
    <ClCompile Include="..\dependencies\win32\src\moc_CloudContext.cpp">
      <Filter>Generated Files</Filter>
    </ClCompile>
    <ClCompile Include="..\dependencies\win32\src\moc_CloudItem.cpp">
      <Filter>Generated Files</Filter>
    </ClCompile>
    <ClCompile Include="..\dependencies\win32\src\moc_CloudRequest.cpp">
      <Filter>Generated Files</Filter>
    </ClCompile>
    <ClCompile Include="..\dependencies\win32\src\moc_CopyItem.cpp">
      <Filter>Generated Files</Filter>
    </ClCompile>
    <ClCompile Include="..\dependencies\win32\src\moc_CreateDirectory.cpp">
      <Filter>Generated Files</Filter>
    </ClCompile>
    <ClCompile Include="..\dependencies\win32\src\moc_DeleteItem.cpp">
      <Filter>Generated Files</Filter>
    </ClCompile>
    <ClCompile Include="..\dependencies\win32\src\moc_DownloadItem.cpp">
      <Filter>Generated Files</Filter>
    </ClCompile>
    <ClCompile Include="..\dependencies\win32\src\moc_FileDialog.cpp">
      <Filter>Generated Files</Filter>
    </ClCompile>
    <ClCompile Include="..\dependencies\win32\src\moc_GetThumbnail.cpp">
      <Filter>Generated Files</Filter>
    </ClCompile>
    <ClCompile Include="..\dependencies\win32\src\moc_GetUrl.cpp">
      <Filter>Generated Files</Filter>
    </ClCompile>
    <ClCompile Include="..\dependencies\win32\src\moc_IPlatformUtility.cpp">
      <Filter>Generated Files</Filter>
    </ClCompile>
    <ClCompile Include="..\dependencies\win32\src\moc_ListDirectory.cpp">
      <Filter>Generated Files</Filter>
    </ClCompile>
    <ClCompile Include="..\dependencies\win32\src\moc_MoveItem.cpp">
      <Filter>Generated Files</Filter>
    </ClCompile>
    <ClCompile Include="..\dependencies\win32\src\moc_RenameItem.cpp">
      <Filter>Generated Files</Filter>
    </ClCompile>
    <ClCompile Include="..\dependencies\win32\src\moc_UploadItem.cpp">
      <Filter>Generated Files</Filter>
    </ClCompile>
    <ClCompile Include="..\dependencies\win32\src\qrc_resources.cpp">
      <Filter>Generated Files</Filter>
    </ClCompile>
  </ItemGroup>
  <ItemGroup>
    <ClInclude Include="..\bin\cloudbrowser\src\AndroidUtility.h">
      <Filter>Header Files</Filter>
    </ClInclude>
    <ClInclude Include="..\bin\cloudbrowser\src\DesktopUtility.h">
      <Filter>Header Files</Filter>
    </ClInclude>
    <ClInclude Include="..\bin\cloudbrowser\src\Exec.h">
      <Filter>Header Files</Filter>
    </ClInclude>
    <ClInclude Include="..\bin\cloudbrowser\src\File.h">
      <Filter>Header Files</Filter>
    </ClInclude>
    <ClInclude Include="..\bin\cloudbrowser\src\GenerateThumbnail.h">
      <Filter>Header Files</Filter>
    </ClInclude>
    <ClInclude Include="..\bin\cloudbrowser\src\HttpServer.h">
      <Filter>Header Files</Filter>
    </ClInclude>
    <ClInclude Include="..\bin\cloudbrowser\src\WinRTUtility.h">
      <Filter>Header Files</Filter>
    </ClInclude>
  </ItemGroup>
  <ItemGroup>
    <CustomBuild Include="..\bin\cloudbrowser\src\CloudContext.h">
      <Filter>Header Files</Filter>
    </CustomBuild>
    <CustomBuild Include="..\bin\cloudbrowser\src\CloudItem.h">
      <Filter>Header Files</Filter>
    </CustomBuild>
    <CustomBuild Include="..\bin\cloudbrowser\src\IPlatformUtility.h">
      <Filter>Header Files</Filter>
    </CustomBuild>
    <CustomBuild Include="..\bin\cloudbrowser\src\FileDialog.h">
      <Filter>Header Files</Filter>
    </CustomBuild>
    <CustomBuild Include="..\bin\cloudbrowser\src\Request\CloudRequest.h">
      <Filter>Header Files</Filter>
    </CustomBuild>
    <CustomBuild Include="..\bin\cloudbrowser\src\Request\CopyItem.h">
      <Filter>Header Files</Filter>
    </CustomBuild>
    <CustomBuild Include="..\bin\cloudbrowser\src\Request\CreateDirectory.h">
      <Filter>Header Files</Filter>
    </CustomBuild>
    <CustomBuild Include="..\bin\cloudbrowser\src\Request\DeleteItem.h">
      <Filter>Header Files</Filter>
    </CustomBuild>
    <CustomBuild Include="..\bin\cloudbrowser\src\Request\DownloadItem.h">
      <Filter>Header Files</Filter>
    </CustomBuild>
    <CustomBuild Include="..\bin\cloudbrowser\src\Request\GetThumbnail.h">
      <Filter>Header Files</Filter>
    </CustomBuild>
    <CustomBuild Include="..\bin\cloudbrowser\src\Request\GetUrl.h">
      <Filter>Header Files</Filter>
    </CustomBuild>
    <CustomBuild Include="..\bin\cloudbrowser\src\Request\ListDirectory.h">
      <Filter>Header Files</Filter>
    </CustomBuild>
    <CustomBuild Include="..\bin\cloudbrowser\src\Request\MoveItem.h">
      <Filter>Header Files</Filter>
    </CustomBuild>
    <CustomBuild Include="..\bin\cloudbrowser\src\Request\RenameItem.h">
      <Filter>Header Files</Filter>
    </CustomBuild>
    <CustomBuild Include="..\bin\cloudbrowser\src\Request\UploadItem.h">
      <Filter>Header Files</Filter>
    </CustomBuild>
    <CustomBuild Include="..\bin\cloudbrowser\resources.qrc">
      <Filter>Resource Files</Filter>
    </CustomBuild>
  </ItemGroup>
</Project>