<?xml version="1.0" encoding="utf-8"?>
<Project ToolsVersion="4.0" xmlns="http://schemas.microsoft.com/developer/msbuild/2003">
  <ItemGroup>
    <Filter Include="Source Files">
      <UniqueIdentifier>{4FC737F1-C7A5-4376-A066-2A32D752A2FF}</UniqueIdentifier>
      <Extensions>cpp;c;cc;cxx;def;odl;idl;hpj;bat;asm;asmx</Extensions>
    </Filter>
    <Filter Include="Header Files">
      <UniqueIdentifier>{93995380-89BD-4b04-88EB-625FBE52EBFB}</UniqueIdentifier>
      <Extensions>h;hh;hpp;hxx;hm;inl;inc;ipp;xsd</Extensions>
    </Filter>
    <Filter Include="Source Files\C">
      <UniqueIdentifier>{bb318fee-b4ec-4996-8b77-cafdd50c4212}</UniqueIdentifier>
    </Filter>
    <Filter Include="Source Files\CloudProvider">
      <UniqueIdentifier>{214921dd-93d2-4249-9e0b-69187359d200}</UniqueIdentifier>
    </Filter>
    <Filter Include="Source Files\Utility">
      <UniqueIdentifier>{bdb43080-1fa5-4a9a-b158-f6f78d026db0}</UniqueIdentifier>
    </Filter>
    <Filter Include="Source Files\Request">
      <UniqueIdentifier>{3d8110ef-9f18-4b60-9df1-d839adc9e716}</UniqueIdentifier>
    </Filter>
    <Filter Include="Header Files\C">
      <UniqueIdentifier>{acf37c38-5a34-4bf7-b474-ee48b0457b24}</UniqueIdentifier>
    </Filter>
    <Filter Include="Header Files\CloudProvider">
      <UniqueIdentifier>{ea695193-5072-4216-af09-af757d91db65}</UniqueIdentifier>
    </Filter>
    <Filter Include="Header Files\Utility">
      <UniqueIdentifier>{503879de-1ce5-4afc-af36-4136bc06eb07}</UniqueIdentifier>
    </Filter>
    <Filter Include="Header Files\Request">
      <UniqueIdentifier>{cd6b1fde-77bd-43e9-bf5e-35a8cd6bb15c}</UniqueIdentifier>
    </Filter>
  </ItemGroup>
  <ItemGroup>
    <ClInclude Include="..\..\src\IAuth.h">
      <Filter>Header Files</Filter>
    </ClInclude>
    <ClInclude Include="..\..\src\ICloudProvider.h">
      <Filter>Header Files</Filter>
    </ClInclude>
    <ClInclude Include="..\..\src\ICloudStorage.h">
      <Filter>Header Files</Filter>
    </ClInclude>
    <ClInclude Include="..\..\src\ICrypto.h">
      <Filter>Header Files</Filter>
    </ClInclude>
    <ClInclude Include="..\..\src\IHttp.h">
      <Filter>Header Files</Filter>
    </ClInclude>
    <ClInclude Include="..\..\src\IHttpServer.h">
      <Filter>Header Files</Filter>
    </ClInclude>
    <ClInclude Include="..\..\src\IItem.h">
      <Filter>Header Files</Filter>
    </ClInclude>
    <ClInclude Include="..\..\src\IRequest.h">
      <Filter>Header Files</Filter>
    </ClInclude>
    <ClInclude Include="..\..\src\IThreadPool.h">
      <Filter>Header Files</Filter>
    </ClInclude>
    <ClInclude Include="..\..\src\C\Crypto.h">
      <Filter>Header Files\C</Filter>
    </ClInclude>
    <ClInclude Include="..\..\src\C\CloudProvider.h">
      <Filter>Header Files\C</Filter>
    </ClInclude>
    <ClInclude Include="..\..\src\CloudProvider\AmazonS3.h">
      <Filter>Header Files\CloudProvider</Filter>
    </ClInclude>
    <ClInclude Include="..\..\src\CloudProvider\AnimeZone.h">
      <Filter>Header Files\CloudProvider</Filter>
    </ClInclude>
    <ClInclude Include="..\..\src\Utility\Auth.h">
      <Filter>Header Files\Utility</Filter>
    </ClInclude>
    <ClInclude Include="..\..\src\CloudProvider\Box.h">
      <Filter>Header Files\CloudProvider</Filter>
    </ClInclude>
    <ClInclude Include="..\..\src\CloudProvider\CloudProvider.h">
      <Filter>Header Files\CloudProvider</Filter>
    </ClInclude>
    <ClInclude Include="..\..\src\Utility\CryptoPP.h">
      <Filter>Header Files\Utility</Filter>
    </ClInclude>
    <ClInclude Include="..\..\src\Utility\CurlHttp.h">
      <Filter>Header Files\Utility</Filter>
    </ClInclude>
    <ClInclude Include="..\..\src\C\CloudStorage.h">
      <Filter>Header Files\C</Filter>
    </ClInclude>
    <ClInclude Include="..\..\src\Request\AuthorizeRequest.h">
      <Filter>Header Files\Request</Filter>
    </ClInclude>
    <ClInclude Include="..\..\src\Utility\CloudStorage.h">
      <Filter>Header Files\Utility</Filter>
    </ClInclude>
    <ClInclude Include="..\..\src\Request\CreateDirectoryRequest.h">
      <Filter>Header Files\Request</Filter>
    </ClInclude>
    <ClInclude Include="..\..\src\Request\DeleteItemRequest.h">
      <Filter>Header Files\Request</Filter>
    </ClInclude>
    <ClInclude Include="..\..\src\Request\DownloadFileRequest.h">
      <Filter>Header Files\Request</Filter>
    </ClInclude>
    <ClInclude Include="..\..\src\CloudProvider\Dropbox.h">
      <Filter>Header Files\CloudProvider</Filter>
    </ClInclude>
    <ClInclude Include="..\..\src\Request\ExchangeCodeRequest.h">
      <Filter>Header Files\Request</Filter>
    </ClInclude>
    <ClInclude Include="..\..\src\Utility\FileServer.h">
      <Filter>Header Files\Utility</Filter>
    </ClInclude>
    <ClInclude Include="..\..\src\CloudProvider\FourShared.h">
      <Filter>Header Files\CloudProvider</Filter>
    </ClInclude>
    <ClInclude Include="..\..\src\Request\GetItemDataRequest.h">
      <Filter>Header Files\Request</Filter>
    </ClInclude>
    <ClInclude Include="..\..\src\Request\GetItemRequest.h">
      <Filter>Header Files\Request</Filter>
    </ClInclude>
    <ClInclude Include="..\..\src\Request\GetItemUrlRequest.h">
      <Filter>Header Files\Request</Filter>
    </ClInclude>
    <ClInclude Include="..\..\src\CloudProvider\GoogleDrive.h">
      <Filter>Header Files\CloudProvider</Filter>
    </ClInclude>
    <ClInclude Include="..\..\src\CloudProvider\GooglePhotos.h">
      <Filter>Header Files\CloudProvider</Filter>
    </ClInclude>
    <ClInclude Include="..\..\src\C\Http.h">
      <Filter>Header Files\C</Filter>
    </ClInclude>
    <ClInclude Include="..\..\src\Request\HttpCallback.h">
      <Filter>Header Files\Utility</Filter>
    </ClInclude>
    <ClInclude Include="..\..\src\C\HttpServer.h">
      <Filter>Header Files\C</Filter>
    </ClInclude>
    <ClInclude Include="..\..\src\CloudProvider\HubiC.h">
      <Filter>Header Files\CloudProvider</Filter>
    </ClInclude>
    <ClInclude Include="..\..\src\C\Item.h">
      <Filter>Header Files\C</Filter>
    </ClInclude>
    <ClInclude Include="..\..\src\Utility\Item.h">
      <Filter>Header Files\Utility</Filter>
    </ClInclude>
    <ClInclude Include="..\..\src\Request\ListDirectoryPageRequest.h">
      <Filter>Header Files\Request</Filter>
    </ClInclude>
    <ClInclude Include="..\..\src\Request\ListDirectoryRequest.h">
      <Filter>Header Files\Request</Filter>
    </ClInclude>
    <ClInclude Include="..\..\src\CloudProvider\LocalDrive.h">
      <Filter>Header Files\CloudProvider</Filter>
    </ClInclude>
    <ClInclude Include="..\..\src\CloudProvider\LocalDriveWinRT.h">
      <Filter>Header Files\CloudProvider</Filter>
    </ClInclude>
    <ClInclude Include="..\..\src\CloudProvider\MegaNz.h">
      <Filter>Header Files\CloudProvider</Filter>
    </ClInclude>
    <ClInclude Include="..\..\src\Utility\MicroHttpdServer.h">
      <Filter>Header Files\Utility</Filter>
    </ClInclude>
    <ClInclude Include="..\..\src\Request\MoveItemRequest.h">
      <Filter>Header Files\Request</Filter>
    </ClInclude>
    <ClInclude Include="..\..\src\CloudProvider\OneDrive.h">
      <Filter>Header Files\CloudProvider</Filter>
    </ClInclude>
    <ClInclude Include="..\..\src\CloudProvider\PCloud.h">
      <Filter>Header Files\CloudProvider</Filter>
    </ClInclude>
    <ClInclude Include="..\..\src\Request\RecursiveRequest.h">
      <Filter>Header Files\Request</Filter>
    </ClInclude>
    <ClInclude Include="..\..\src\C\Request.h">
      <Filter>Header Files\C</Filter>
    </ClInclude>
    <ClInclude Include="..\..\src\CloudProvider\WebDav.h">
      <Filter>Header Files\CloudProvider</Filter>
    </ClInclude>
    <ClInclude Include="..\..\src\CloudProvider\YouTube.h">
      <Filter>Header Files\CloudProvider</Filter>
    </ClInclude>
    <ClInclude Include="..\..\src\CloudProvider\YandexDisk.h">
      <Filter>Header Files\CloudProvider</Filter>
    </ClInclude>
    <ClInclude Include="..\..\src\Request\RenameItemRequest.h">
      <Filter>Header Files\Request</Filter>
    </ClInclude>
    <ClInclude Include="..\..\src\C\ThreadPool.h">
      <Filter>Header Files\Utility</Filter>
    </ClInclude>
    <ClInclude Include="..\..\src\Request\UploadFileRequest.h">
      <Filter>Header Files\Request</Filter>
    </ClInclude>
    <ClInclude Include="..\..\src\Utility\Utility.h">
      <Filter>Header Files\Utility</Filter>
    </ClInclude>
    <ClInclude Include="..\..\src\Request\Request.h">
      <Filter>Header Files\Request</Filter>
    </ClInclude>
    <ClInclude Include="..\..\src\Utility\ThreadPool.h">
      <Filter>Header Files\C</Filter>
    </ClInclude>
    <ClInclude Include="..\..\src\Utility\CloudAccess.h">
      <Filter>Header Files\Utility</Filter>
    </ClInclude>
    <ClInclude Include="..\..\src\Utility\CloudEventLoop.h">
      <Filter>Header Files\Utility</Filter>
    </ClInclude>
    <ClInclude Include="..\..\src\Utility\CloudFactory.h">
      <Filter>Header Files\Utility</Filter>
    </ClInclude>
    <ClInclude Include="..\..\src\Utility\GenerateThumbnail.h">
      <Filter>Header Files\Utility</Filter>
    </ClInclude>
    <ClInclude Include="..\..\src\Utility\HttpServer.h">
      <Filter>Header Files\Utility</Filter>
    </ClInclude>
    <ClInclude Include="..\..\src\Utility\LoginPage.h">
      <Filter>Header Files\Utility</Filter>
    </ClInclude>
    <ClInclude Include="..\..\src\Utility\Promise.h">
      <Filter>Header Files\Utility</Filter>
    </ClInclude>
    <ClInclude Include="..\..\src\ICloudAccess.h">
      <Filter>Header Files</Filter>
    </ClInclude>
    <ClInclude Include="..\..\src\ICloudFactory.h">
      <Filter>Header Files</Filter>
    </ClInclude>
  </ItemGroup>
  <ItemGroup>
    <ClCompile Include="..\..\src\C\CloudProvider.cpp">
      <Filter>Source Files\C</Filter>
    </ClCompile>
    <ClCompile Include="..\..\src\C\CloudStorage.cpp">
      <Filter>Source Files\C</Filter>
    </ClCompile>
    <ClCompile Include="..\..\src\C\Crypto.cpp">
      <Filter>Source Files\C</Filter>
    </ClCompile>
    <ClCompile Include="..\..\src\C\Http.cpp">
      <Filter>Source Files\C</Filter>
    </ClCompile>
    <ClCompile Include="..\..\src\C\Item.cpp">
      <Filter>Source Files\C</Filter>
    </ClCompile>
    <ClCompile Include="..\..\src\C\Request.cpp">
      <Filter>Source Files\C</Filter>
    </ClCompile>
    <ClCompile Include="..\..\src\C\ThreadPool.cpp">
      <Filter>Source Files\C</Filter>
    </ClCompile>
    <ClCompile Include="..\..\src\C\HttpServer.cpp">
      <Filter>Source Files\C</Filter>
    </ClCompile>
    <ClCompile Include="..\..\src\CloudProvider\AmazonS3.cpp">
      <Filter>Source Files\CloudProvider</Filter>
    </ClCompile>
    <ClCompile Include="..\..\src\CloudProvider\AnimeZone.cpp">
      <Filter>Source Files\CloudProvider</Filter>
    </ClCompile>
    <ClCompile Include="..\..\src\CloudProvider\HubiC.cpp">
      <Filter>Source Files\CloudProvider</Filter>
    </ClCompile>
    <ClCompile Include="..\..\src\CloudProvider\GooglePhotos.cpp">
      <Filter>Source Files\CloudProvider</Filter>
    </ClCompile>
    <ClCompile Include="..\..\src\CloudProvider\GoogleDrive.cpp">
      <Filter>Source Files\CloudProvider</Filter>
    </ClCompile>
    <ClCompile Include="..\..\src\CloudProvider\FourShared.cpp">
      <Filter>Source Files\CloudProvider</Filter>
    </ClCompile>
    <ClCompile Include="..\..\src\CloudProvider\Dropbox.cpp">
      <Filter>Source Files\CloudProvider</Filter>
    </ClCompile>
    <ClCompile Include="..\..\src\CloudProvider\MegaNz.cpp">
      <Filter>Source Files\CloudProvider</Filter>
    </ClCompile>
    <ClCompile Include="..\..\src\CloudProvider\LocalDriveWinRT.cpp">
      <Filter>Source Files\CloudProvider</Filter>
    </ClCompile>
    <ClCompile Include="..\..\src\CloudProvider\LocalDrive.cpp">
      <Filter>Source Files\CloudProvider</Filter>
    </ClCompile>
    <ClCompile Include="..\..\src\CloudProvider\Box.cpp">
      <Filter>Source Files\CloudProvider</Filter>
    </ClCompile>
    <ClCompile Include="..\..\src\CloudProvider\PCloud.cpp">
      <Filter>Source Files\CloudProvider</Filter>
    </ClCompile>
    <ClCompile Include="..\..\src\CloudProvider\OneDrive.cpp">
      <Filter>Source Files\CloudProvider</Filter>
    </ClCompile>
    <ClCompile Include="..\..\src\CloudProvider\YandexDisk.cpp">
      <Filter>Source Files\CloudProvider</Filter>
    </ClCompile>
    <ClCompile Include="..\..\src\CloudProvider\WebDav.cpp">
      <Filter>Source Files\CloudProvider</Filter>
    </ClCompile>
    <ClCompile Include="..\..\src\CloudProvider\YouTube.cpp">
      <Filter>Source Files\CloudProvider</Filter>
    </ClCompile>
    <ClCompile Include="..\..\src\Utility\CryptoPP.cpp">
      <Filter>Source Files\Utility</Filter>
    </ClCompile>
    <ClCompile Include="..\..\src\Utility\CurlHttp.cpp">
      <Filter>Source Files\Utility</Filter>
    </ClCompile>
    <ClCompile Include="..\..\src\Utility\Auth.cpp">
      <Filter>Source Files\Utility</Filter>
    </ClCompile>
    <ClCompile Include="..\..\src\Utility\FileServer.cpp">
      <Filter>Source Files\Utility</Filter>
    </ClCompile>
    <ClCompile Include="..\..\src\Request\HttpCallback.cpp">
      <Filter>Source Files\Utility</Filter>
    </ClCompile>
    <ClCompile Include="..\..\src\Utility\Item.cpp">
      <Filter>Source Files\Utility</Filter>
    </ClCompile>
    <ClCompile Include="..\..\src\Utility\ThreadPool.cpp">
      <Filter>Source Files\Utility</Filter>
    </ClCompile>
    <ClCompile Include="..\..\src\Utility\MicroHttpdServer.cpp">
      <Filter>Source Files\Utility</Filter>
    </ClCompile>
    <ClCompile Include="..\..\src\Utility\Utility.cpp">
      <Filter>Source Files\Utility</Filter>
    </ClCompile>
    <ClCompile Include="..\..\src\CloudProvider\CloudProvider.cpp">
      <Filter>Source Files\Utility</Filter>
    </ClCompile>
    <ClCompile Include="..\..\src\Utility\CloudStorage.cpp">
      <Filter>Source Files\Utility</Filter>
    </ClCompile>
    <ClCompile Include="..\..\src\Request\AuthorizeRequest.cpp">
      <Filter>Source Files\Request</Filter>
    </ClCompile>
    <ClCompile Include="..\..\src\Request\CreateDirectoryRequest.cpp">
      <Filter>Source Files\Request</Filter>
    </ClCompile>
    <ClCompile Include="..\..\src\Request\DeleteItemRequest.cpp">
      <Filter>Source Files\Request</Filter>
    </ClCompile>
    <ClCompile Include="..\..\src\Request\DownloadFileRequest.cpp">
      <Filter>Source Files\Request</Filter>
    </ClCompile>
    <ClCompile Include="..\..\src\Request\ExchangeCodeRequest.cpp">
      <Filter>Source Files\Request</Filter>
    </ClCompile>
    <ClCompile Include="..\..\src\Request\GetItemDataRequest.cpp">
      <Filter>Source Files\Request</Filter>
    </ClCompile>
    <ClCompile Include="..\..\src\Request\GetItemRequest.cpp">
      <Filter>Source Files\Request</Filter>
    </ClCompile>
    <ClCompile Include="..\..\src\Request\GetItemUrlRequest.cpp">
      <Filter>Source Files\Request</Filter>
    </ClCompile>
    <ClCompile Include="..\..\src\Request\ListDirectoryPageRequest.cpp">
      <Filter>Source Files\Request</Filter>
    </ClCompile>
    <ClCompile Include="..\..\src\Request\ListDirectoryRequest.cpp">
      <Filter>Source Files\Request</Filter>
    </ClCompile>
    <ClCompile Include="..\..\src\Request\MoveItemRequest.cpp">
      <Filter>Source Files\Request</Filter>
    </ClCompile>
    <ClCompile Include="..\..\src\Request\RecursiveRequest.cpp">
      <Filter>Source Files\Request</Filter>
    </ClCompile>
    <ClCompile Include="..\..\src\Request\RenameItemRequest.cpp">
      <Filter>Source Files\Request</Filter>
    </ClCompile>
    <ClCompile Include="..\..\src\Request\Request.cpp">
      <Filter>Source Files\Request</Filter>
    </ClCompile>
    <ClCompile Include="..\..\src\Request\UploadFileRequest.cpp">
      <Filter>Source Files\Request</Filter>
    </ClCompile>
    <ClCompile Include="..\..\src\Utility\GenerateThumbnail.cpp">
      <Filter>Source Files\Utility</Filter>
    </ClCompile>
    <ClCompile Include="..\..\src\Utility\HttpServer.cpp">
      <Filter>Source Files\Utility</Filter>
    </ClCompile>
    <ClCompile Include="..\..\src\Utility\LoginPage.cpp">
      <Filter>Source Files\Utility</Filter>
    </ClCompile>
    <ClCompile Include="..\..\src\Utility\CloudAccess.cpp">
      <Filter>Source Files\Utility</Filter>
    </ClCompile>
    <ClCompile Include="..\..\src\Utility\CloudEventLoop.cpp">
      <Filter>Source Files\Utility</Filter>
    </ClCompile>
    <ClCompile Include="..\..\src\Utility\CloudFactory.cpp">
      <Filter>Source Files\Utility</Filter>
    </ClCompile>
  </ItemGroup>
</Project>