<?xml version="1.0" encoding="utf-8"?>
<Project ToolsVersion="15.0" xmlns="http://schemas.microsoft.com/developer/msbuild/2003">
  <ItemGroup>
    <Filter Include="Assets">
      <UniqueIdentifier>221235d4-1e81-47b3-8088-cee091c4f97e</UniqueIdentifier>
      <Extensions>bmp;fbx;gif;jpg;jpeg;tga;tiff;tif;png</Extensions>
    </Filter>
    <Filter Include="Dependencies">
      <UniqueIdentifier>{6d7140f4-7fcf-48b5-94ce-627cc9cc445d}</UniqueIdentifier>
    </Filter>
  </ItemGroup>
  <ItemGroup>
    <ClCompile Include="..\..\bin\cloudbrowser\src\main.cpp" />
  </ItemGroup>
  <ItemGroup>
    <AppxManifest Include="Package.appxmanifest" />
  </ItemGroup>
  <ItemGroup>
    <None Include="cloudbrowser-winrt_TemporaryKey.pfx" />
    <None Include="../../dependencies/winrt/bin/avcodec-58.dll">
      <Filter>Dependencies</Filter>
    </None>
    <None Include="../../dependencies/winrt/bin/avdevice-58.dll">
      <Filter>Dependencies</Filter>
    </None>
    <None Include="../../dependencies/winrt/bin/cares.dll">
      <Filter>Dependencies</Filter>
    </None>
    <None Include="../../dependencies/winrt/bin/avutil-56.dll">
      <Filter>Dependencies</Filter>
    </None>
    <None Include="../../dependencies/winrt/bin/avformat-58.dll">
      <Filter>Dependencies</Filter>
    </None>
    <None Include="../../dependencies/winrt/bin/avfilter-7.dll">
      <Filter>Dependencies</Filter>
    </None>
    <None Include="../../dependencies/winrt/bin/libvlccore.dll">
      <Filter>Dependencies</Filter>
    </None>
    <None Include="../../dependencies/winrt/bin/libvlc.dll">
      <Filter>Dependencies</Filter>
    </None>
    <None Include="../../dependencies/winrt/bin/libmicrohttpd-dll.dll">
      <Filter>Dependencies</Filter>
    </None>
    <None Include="../../dependencies/winrt-debug/bin/libGLESv2d.dll">
      <Filter>Dependencies</Filter>
    </None>
    <None Include="../../dependencies/winrt-debug/bin/libEGLd.dll">
      <Filter>Dependencies</Filter>
    </None>
    <None Include="../../dependencies/winrt/bin/libeay32.dll">
      <Filter>Dependencies</Filter>
    </None>
    <None Include="../../dependencies/winrt/bin/libcurl.dll">
      <Filter>Dependencies</Filter>
    </None>
    <None Include="../../dependencies/winrt-debug/bin/KF5Kirigami2.dll">
      <Filter>Dependencies</Filter>
    </None>
    <None Include="../../dependencies/winrt-debug/bin/jsoncpp.dll">
      <Filter>Dependencies</Filter>
    </None>
    <None Include="../../dependencies/winrt-debug/bin/imageformats">
      <Filter>Dependencies</Filter>
    </None>
    <None Include="../../dependencies/winrt/bin/plugins">
      <Filter>Dependencies</Filter>
    </None>
    <None Include="../../dependencies/winrt-debug/bin/platforms">
      <Filter>Dependencies</Filter>
    </None>
    <None Include="../../dependencies/winrt-debug/bin/org">
      <Filter>Dependencies</Filter>
    </None>
    <None Include="../../dependencies/winrt-debug/bin/mediaservice">
      <Filter>Dependencies</Filter>
    </None>
    <None Include="../../dependencies/winrt/bin/zlib.dll">
      <Filter>Dependencies</Filter>
    </None>
    <None Include="../../dependencies/winrt-debug/bin/tinyxml2d.dll">
      <Filter>Dependencies</Filter>
    </None>
    <None Include="../../dependencies/winrt/bin/swscale-5.dll">
      <Filter>Dependencies</Filter>
    </None>
    <None Include="../../dependencies/winrt/bin/swresample-3.dll">
      <Filter>Dependencies</Filter>
    </None>
    <None Include="../../dependencies/winrt/bin/ssleay32.dll">
      <Filter>Dependencies</Filter>
    </None>
    <None Include="../../dependencies/winrt-debug/bin/QtWebView">
      <Filter>Dependencies</Filter>
    </None>
    <None Include="../../dependencies/winrt-debug/bin/QtQuick.2">
      <Filter>Dependencies</Filter>
    </None>
    <None Include="../../dependencies/winrt-debug/bin/QtQuick">
      <Filter>Dependencies</Filter>
    </None>
    <None Include="../../dependencies/winrt-debug/bin/QtQml">
      <Filter>Dependencies</Filter>
    </None>
    <None Include="../../dependencies/winrt-debug/bin/QtGraphicalEffects">
      <Filter>Dependencies</Filter>
    </None>
    <None Include="../../dependencies/winrt-debug/bin/Qt5Widgetsd.dll">
      <Filter>Dependencies</Filter>
    </None>
    <None Include="../../dependencies/winrt-debug/bin/Qt5WebViewd.dll">
      <Filter>Dependencies</Filter>
    </None>
    <None Include="../../dependencies/winrt-debug/bin/Qt5Svgd.dll">
      <Filter>Dependencies</Filter>
    </None>
    <None Include="../../dependencies/winrt-debug/bin/Qt5QuickTemplates2d.dll">
      <Filter>Dependencies</Filter>
    </None>
    <None Include="../../dependencies/winrt-debug/bin/Qt5Quickd.dll">
      <Filter>Dependencies</Filter>
    </None>
    <None Include="../../dependencies/winrt-debug/bin/Qt5QuickControls2d.dll">
      <Filter>Dependencies</Filter>
    </None>
    <None Include="../../dependencies/winrt-debug/bin/Qt5Qmld.dll">
      <Filter>Dependencies</Filter>
    </None>
    <None Include="../../dependencies/winrt-debug/bin/Qt5Networkd.dll">
      <Filter>Dependencies</Filter>
    </None>
    <None Include="../../dependencies/winrt-debug/bin/Qt5Multimediad.dll">
      <Filter>Dependencies</Filter>
    </None>
    <None Include="../../dependencies/winrt-debug/bin/Qt5Guid.dll">
      <Filter>Dependencies</Filter>
    </None>
    <None Include="../../dependencies/winrt-debug/bin/Qt5Cored.dll">
      <Filter>Dependencies</Filter>
    </None>
    <None Include="../../dependencies/winrt/bin/libGLESv2.dll">
      <Filter>Dependencies</Filter>
    </None>
    <None Include="../../dependencies/winrt/bin/libEGL.dll">
      <Filter>Dependencies</Filter>
    </None>
    <None Include="../../dependencies/winrt/bin/KF5Kirigami2.dll">
      <Filter>Dependencies</Filter>
    </None>
    <None Include="../../dependencies/winrt/bin/jsoncpp.dll">
      <Filter>Dependencies</Filter>
    </None>
    <None Include="../../dependencies/winrt/bin/imageformats">
      <Filter>Dependencies</Filter>
    </None>
    <None Include="../../dependencies/winrt/bin/plugins">
      <Filter>Dependencies</Filter>
    </None>
    <None Include="../../dependencies/winrt/bin/platforms">
      <Filter>Dependencies</Filter>
    </None>
    <None Include="../../dependencies/winrt/bin/org">
      <Filter>Dependencies</Filter>
    </None>
    <None Include="../../dependencies/winrt/bin/mediaservice">
      <Filter>Dependencies</Filter>
    </None>
    <None Include="../../dependencies/winrt/bin/VLCQtQml.dll">
      <Filter>Dependencies</Filter>
    </None>
    <None Include="../../dependencies/winrt/bin/VLCQtCore.dll">
      <Filter>Dependencies</Filter>
    </None>
    <None Include="../../dependencies/winrt/bin/tinyxml2.dll">
      <Filter>Dependencies</Filter>
    </None>
    <None Include="../../dependencies/winrt/bin/QtWebView">
      <Filter>Dependencies</Filter>
    </None>
    <None Include="../../dependencies/winrt/bin/QtQuick.2">
      <Filter>Dependencies</Filter>
    </None>
    <None Include="../../dependencies/winrt/bin/QtQuick">
      <Filter>Dependencies</Filter>
    </None>
    <None Include="../../dependencies/winrt/bin/QtQml">
      <Filter>Dependencies</Filter>
    </None>
    <None Include="../../dependencies/winrt/bin/QtGraphicalEffects">
      <Filter>Dependencies</Filter>
    </None>
    <None Include="../../dependencies/winrt/bin/Qt5Widgets.dll">
      <Filter>Dependencies</Filter>
    </None>
    <None Include="../../dependencies/winrt/bin/Qt5WebView.dll">
      <Filter>Dependencies</Filter>
    </None>
    <None Include="../../dependencies/winrt/bin/Qt5Svg.dll">
      <Filter>Dependencies</Filter>
    </None>
    <None Include="../../dependencies/winrt/bin/Qt5QuickTemplates2.dll">
      <Filter>Dependencies</Filter>
    </None>
    <None Include="../../dependencies/winrt/bin/Qt5Quick.dll">
      <Filter>Dependencies</Filter>
    </None>
    <None Include="../../dependencies/winrt/bin/Qt5QuickControls2.dll">
      <Filter>Dependencies</Filter>
    </None>
    <None Include="../../dependencies/winrt/bin/Qt5Qml.dll">
      <Filter>Dependencies</Filter>
    </None>
    <None Include="../../dependencies/winrt/bin/Qt5Network.dll">
      <Filter>Dependencies</Filter>
    </None>
    <None Include="../../dependencies/winrt/bin/Qt5Multimedia.dll">
      <Filter>Dependencies</Filter>
    </None>
    <None Include="../../dependencies/winrt/bin/Qt5Gui.dll">
      <Filter>Dependencies</Filter>
    </None>
    <None Include="../../dependencies/winrt/bin/Qt5Core.dll">
      <Filter>Dependencies</Filter>
    </None>
    <None Include="../../dependencies/winrt-debug/bin/VLCQtCore.dll">
      <Filter>Dependencies</Filter>
     </None>
    <None Include="../../dependencies/winrt-debug/bin/VLCQtQml.dll">
      <Filter>Dependencies</Filter>
    </None>
    <None Include="../../dependencies/winrt/bin/mpv-1.dll">
      <Filter>Dependencies</Filter>
    </None>
    <None Include="../../dependencies/winrt/bin/wasapiuwp2.dll">
      <Filter>Dependencies</Filter>
    </None>
    <None Include="../../dependencies/winrt/bin/libxml2.dll">
      <Filter>Dependencies</Filter>
    </None>
    <None Include="../../dependencies/winrt/bin/webview">
      <Filter>Dependencies</Filter>
    </None>
    <None Include="../../dependencies/winrt/bin/iconengines">
      <Filter>Dependencies</Filter>
    </None>
    <None Include="../../dependencies/winrt-debug/bin/webview">
      <Filter>Dependencies</Filter>
    </None>
    <None Include="../../dependencies/winrt-debug/bin/iconengines">
      <Filter>Dependencies</Filter>
    </None>
  </ItemGroup>
  <ItemGroup>
    <Image Include="Assets\logo_44x44.png">
      <Filter>Assets</Filter>
    </Image>
    <Image Include="Assets\logo_150x150.png">
      <Filter>Assets</Filter>
    </Image>
    <Image Include="Assets\logo_620x300.png">
      <Filter>Assets</Filter>
    </Image>
    <Image Include="Assets\logo_store.png">
      <Filter>Assets</Filter>
    </Image>
  </ItemGroup>
</Project>